
Microsoft Visual Studio Solution File, Format Version 12.00
# Visual Studio Version 17
VisualStudioVersion = 17.13.35919.96 d17.13
MinimumVisualStudioVersion = 10.0.40219.1
Project("{FAE04EC0-301F-11D3-BF4B-00C04F79EFBC}") = "GUI_KhachSan", "GUI_KhachSan.csproj", "{1823FF30-FF14-4CCF-A76D-D19AE1EF3668}"
EndProject
Project("{FAE04EC0-301F-11D3-BF4B-00C04F79EFBC}") = "BLL_KhachSan", "..\BLL_KhachSan\BLL_KhachSan.csproj", "{E41E92EF-842A-466F-98A9-CD197E7411E3}"
EndProject
Project("{FAE04EC0-301F-11D3-BF4B-00C04F79EFBC}") = "DAL_KhachSan", "..\DAL_KhachSan\DAL_KhachSan.csproj", "{55149A6B-46D2-405D-8A64-C690888E6118}"
EndProject
Project("{FAE04EC0-301F-11D3-BF4B-00C04F79EFBC}") = "DTO_KhachSan", "..\DTO_KhachSan\DTO_KhachSan.csproj", "{181EBF7E-2CC7-4604-BB5D-69F49395BC2B}"
EndProject
Project("{FAE04EC0-301F-11D3-BF4B-00C04F79EFBC}") = "UTil", "..\UTil\UTil.csproj", "{CF0AF027-3476-4125-8DC9-5714B3D56319}"
EndProject
Global
	GlobalSection(SolutionConfigurationPlatforms) = preSolution
		Debug|Any CPU = Debug|Any CPU
		Release|Any CPU = Release|Any CPU
	EndGlobalSection
	GlobalSection(ProjectConfigurationPlatforms) = postSolution
		{1823FF30-FF14-4CCF-A76D-D19AE1EF3668}.Debug|Any CPU.ActiveCfg = Debug|Any CPU
		{1823FF30-FF14-4CCF-A76D-D19AE1EF3668}.Debug|Any CPU.Build.0 = Debug|Any CPU
		{1823FF30-FF14-4CCF-A76D-D19AE1EF3668}.Release|Any CPU.ActiveCfg = Release|Any CPU
		{1823FF30-FF14-4CCF-A76D-D19AE1EF3668}.Release|Any CPU.Build.0 = Release|Any CPU
		{E41E92EF-842A-466F-98A9-CD197E7411E3}.Debug|Any CPU.ActiveCfg = Debug|Any CPU
		{E41E92EF-842A-466F-98A9-CD197E7411E3}.Debug|Any CPU.Build.0 = Debug|Any CPU
		{E41E92EF-842A-466F-98A9-CD197E7411E3}.Release|Any CPU.ActiveCfg = Release|Any CPU
		{E41E92EF-842A-466F-98A9-CD197E7411E3}.Release|Any CPU.Build.0 = Release|Any CPU
		{55149A6B-46D2-405D-8A64-C690888E6118}.Debug|Any CPU.ActiveCfg = Debug|Any CPU
		{55149A6B-46D2-405D-8A64-C690888E6118}.Debug|Any CPU.Build.0 = Debug|Any CPU
		{55149A6B-46D2-405D-8A64-C690888E6118}.Release|Any CPU.ActiveCfg = Release|Any CPU
		{55149A6B-46D2-405D-8A64-C690888E6118}.Release|Any CPU.Build.0 = Release|Any CPU
		{181EBF7E-2CC7-4604-BB5D-69F49395BC2B}.Debug|Any CPU.ActiveCfg = Debug|Any CPU
		{181EBF7E-2CC7-4604-BB5D-69F49395BC2B}.Debug|Any CPU.Build.0 = Debug|Any CPU
		{181EBF7E-2CC7-4604-BB5D-69F49395BC2B}.Release|Any CPU.ActiveCfg = Release|Any CPU
		{181EBF7E-2CC7-4604-BB5D-69F49395BC2B}.Release|Any CPU.Build.0 = Release|Any CPU
		{CF0AF027-3476-4125-8DC9-5714B3D56319}.Debug|Any CPU.ActiveCfg = Debug|Any CPU
		{CF0AF027-3476-4125-8DC9-5714B3D56319}.Debug|Any CPU.Build.0 = Debug|Any CPU
		{CF0AF027-3476-4125-8DC9-5714B3D56319}.Release|Any CPU.ActiveCfg = Release|Any CPU
		{CF0AF027-3476-4125-8DC9-5714B3D56319}.Release|Any CPU.Build.0 = Release|Any CPU
	EndGlobalSection
	GlobalSection(SolutionProperties) = preSolution
		HideSolutionNode = FALSE
	EndGlobalSection
	GlobalSection(ExtensibilityGlobals) = postSolution
		SolutionGuid = {1317AB04-C977-4D2A-BA12-886E9D5E88C3}
	EndGlobalSection
EndGlobal
